// !$*UTF8*$!
{
	archiveVersion = 1;
	classes = {
	};
	objectVersion = 77;
	objects = {

/* Begin PBXContainerItemProxy section */
		97AC8D612E0ED7AF00BB82AC /* PBXContainerItemProxy */ = {
			isa = PBXContainerItemProxy;
			containerPortal = 97C079222E0D0B6B001206C4 /* Project object */;
			proxyType = 1;
			remoteGlobalIDString = 97C079292E0D0B6B001206C4;
			remoteInfo = QuickFeed;
		};
		97AC8D9D2E0ED7F900BB82AC /* PBXContainerItemProxy */ = {
			isa = PBXContainerItemProxy;
			containerPortal = 97C079222E0D0B6B001206C4 /* Project object */;
			proxyType = 1;
			remoteGlobalIDString = 97C079292E0D0B6B001206C4;
			remoteInfo = QuickFeed;
		};
/* End PBXContainerItemProxy section */

/* Begin PBXFileReference section */
		97AC8D5D2E0ED7AF00BB82AC /* QuickFeedTests.xctest */ = {isa = PBXFileReference; explicitFileType = wrapper.cfbundle; includeInIndex = 0; path = QuickFeedTests.xctest; sourceTree = BUILT_PRODUCTS_DIR; };
		97AC8D972E0ED7F900BB82AC /* QuickFeedUITests.xctest */ = {isa = PBXFileReference; explicitFileType = wrapper.cfbundle; includeInIndex = 0; path = QuickFeedUITests.xctest; sourceTree = BUILT_PRODUCTS_DIR; };
		97C0792A2E0D0B6B001206C4 /* QuickFeed.app */ = {isa = PBXFileReference; explicitFileType = wrapper.application; includeInIndex = 0; path = QuickFeed.app; sourceTree = BUILT_PRODUCTS_DIR; };
/* End PBXFileReference section */

/* Begin PBXFileSystemSynchronizedRootGroup section */
		97AC8D5E2E0ED7AF00BB82AC /* QuickFeedTests */ = {
			isa = PBXFileSystemSynchronizedRootGroup;
			path = QuickFeedTests;
			sourceTree = "<group>";
		};
		97AC8D982E0ED7F900BB82AC /* QuickFeedUITests */ = {
			isa = PBXFileSystemSynchronizedRootGroup;
			path = QuickFeedUITests;
			sourceTree = "<group>";
		};
		97C0792C2E0D0B6B001206C4 /* QuickFeed */ = {
			isa = PBXFileSystemSynchronizedRootGroup;
			path = QuickFeed;
			sourceTree = "<group>";
		};
/* End PBXFileSystemSynchronizedRootGroup section */

/* Begin PBXFrameworksBuildPhase section */
		97AC8D5A2E0ED7AF00BB82AC /* Frameworks */ = {
			isa = PBXFrameworksBuildPhase;
			buildActionMask = 2147483647;
			files = (
			);
			runOnlyForDeploymentPostprocessing = 0;
		};
		97AC8D942E0ED7F900BB82AC /* Frameworks */ = {
			isa = PBXFrameworksBuildPhase;
			buildActionMask = 2147483647;
			files = (
			);
			runOnlyForDeploymentPostprocessing = 0;
		};
		97C079272E0D0B6B001206C4 /* Frameworks */ = {
			isa = PBXFrameworksBuildPhase;
			buildActionMask = 2147483647;
			files = (
			);
			runOnlyForDeploymentPostprocessing = 0;
		};
/* End PBXFrameworksBuildPhase section */

/* Begin PBXGroup section */
		97C079212E0D0B6B001206C4 = {
			isa = PBXGroup;
			children = (
				97C0792C2E0D0B6B001206C4 /* QuickFeed */,
				97AC8D5E2E0ED7AF00BB82AC /* QuickFeedTests */,
				97AC8D982E0ED7F900BB82AC /* QuickFeedUITests */,
				97C0792B2E0D0B6B001206C4 /* Products */,
			);
			sourceTree = "<group>";
		};
		97C0792B2E0D0B6B001206C4 /* Products */ = {
			isa = PBXGroup;
			children = (
				97C0792A2E0D0B6B001206C4 /* QuickFeed.app */,
				97AC8D5D2E0ED7AF00BB82AC /* QuickFeedTests.xctest */,
				97AC8D972E0ED7F900BB82AC /* QuickFeedUITests.xctest */,
			);
			name = Products;
			sourceTree = "<group>";
		};
/* End PBXGroup section */

/* Begin PBXNativeTarget section */
		97AC8D5C2E0ED7AF00BB82AC /* QuickFeedTests */ = {
			isa = PBXNativeTarget;
			buildConfigurationList = 97AC8D632E0ED7AF00BB82AC /* Build configuration list for PBXNativeTarget "QuickFeedTests" */;
			buildPhases = (
				97AC8D592E0ED7AF00BB82AC /* Sources */,
				97AC8D5A2E0ED7AF00BB82AC /* Frameworks */,
				97AC8D5B2E0ED7AF00BB82AC /* Resources */,
			);
			buildRules = (
			);
			dependencies = (
				97AC8D622E0ED7AF00BB82AC /* PBXTargetDependency */,
			);
			fileSystemSynchronizedGroups = (
				97AC8D5E2E0ED7AF00BB82AC /* QuickFeedTests */,
			);
			name = QuickFeedTests;
			packageProductDependencies = (
			);
			productName = QuickFeedTests;
			productReference = 97AC8D5D2E0ED7AF00BB82AC /* QuickFeedTests.xctest */;
			productType = "com.apple.product-type.bundle.unit-test";
		};
		97AC8D962E0ED7F900BB82AC /* QuickFeedUITests */ = {
			isa = PBXNativeTarget;
			buildConfigurationList = 97AC8D9F2E0ED7F900BB82AC /* Build configuration list for PBXNativeTarget "QuickFeedUITests" */;
			buildPhases = (
				97AC8D932E0ED7F900BB82AC /* Sources */,
				97AC8D942E0ED7F900BB82AC /* Frameworks */,
				97AC8D952E0ED7F900BB82AC /* Resources */,
			);
			buildRules = (
			);
			dependencies = (
				97AC8D9E2E0ED7F900BB82AC /* PBXTargetDependency */,
			);
			fileSystemSynchronizedGroups = (
				97AC8D982E0ED7F900BB82AC /* QuickFeedUITests */,
			);
			name = QuickFeedUITests;
			packageProductDependencies = (
			);
			productName = QuickFeedUITests;
			productReference = 97AC8D972E0ED7F900BB82AC /* QuickFeedUITests.xctest */;
			productType = "com.apple.product-type.bundle.ui-testing";
		};
		97C079292E0D0B6B001206C4 /* QuickFeed */ = {
			isa = PBXNativeTarget;
			buildConfigurationList = 97C079362E0D0B6D001206C4 /* Build configuration list for PBXNativeTarget "QuickFeed" */;
			buildPhases = (
				97C079262E0D0B6B001206C4 /* Sources */,
				97C079272E0D0B6B001206C4 /* Frameworks */,
				97C079282E0D0B6B001206C4 /* Resources */,
			);
			buildRules = (
			);
			dependencies = (
			);
			fileSystemSynchronizedGroups = (
				97C0792C2E0D0B6B001206C4 /* QuickFeed */,
			);
			name = QuickFeed;
			packageProductDependencies = (
			);
			productName = QuickFeed;
			productReference = 97C0792A2E0D0B6B001206C4 /* QuickFeed.app */;
			productType = "com.apple.product-type.application";
		};
/* End PBXNativeTarget section */

/* Begin PBXProject section */
		97C079222E0D0B6B001206C4 /* Project object */ = {
			isa = PBXProject;
			attributes = {
				BuildIndependentTargetsInParallel = 1;
				LastSwiftUpdateCheck = 1630;
				LastUpgradeCheck = 1630;
				TargetAttributes = {
					97AC8D5C2E0ED7AF00BB82AC = {
						CreatedOnToolsVersion = 16.3;
						TestTargetID = 97C079292E0D0B6B001206C4;
					};
					97AC8D962E0ED7F900BB82AC = {
						CreatedOnToolsVersion = 16.3;
						TestTargetID = 97C079292E0D0B6B001206C4;
					};
					97C079292E0D0B6B001206C4 = {
						CreatedOnToolsVersion = 16.3;
					};
				};
			};
			buildConfigurationList = 97C079252E0D0B6B001206C4 /* Build configuration list for PBXProject "QuickFeed" */;
			developmentRegion = en;
			hasScannedForEncodings = 0;
			knownRegions = (
				en,
				Base,
			);
			mainGroup = 97C079212E0D0B6B001206C4;
			minimizedProjectReferenceProxies = 1;
			preferredProjectObjectVersion = 77;
			productRefGroup = 97C0792B2E0D0B6B001206C4 /* Products */;
			projectDirPath = "";
			projectRoot = "";
			targets = (
				97C079292E0D0B6B001206C4 /* QuickFeed */,
				97AC8D5C2E0ED7AF00BB82AC /* QuickFeedTests */,
				97AC8D962E0ED7F900BB82AC /* QuickFeedUITests */,
			);
		};
/* End PBXProject section */

/* Begin PBXResourcesBuildPhase section */
		97AC8D5B2E0ED7AF00BB82AC /* Resources */ = {
			isa = PBXResourcesBuildPhase;
			buildActionMask = 2147483647;
			files = (
			);
			runOnlyForDeploymentPostprocessing = 0;
		};
		97AC8D952E0ED7F900BB82AC /* Resources */ = {
			isa = PBXResourcesBuildPhase;
			buildActionMask = 2147483647;
			files = (
			);
			runOnlyForDeploymentPostprocessing = 0;
		};
		97C079282E0D0B6B001206C4 /* Resources */ = {
			isa = PBXResourcesBuildPhase;
			buildActionMask = 2147483647;
			files = (
			);
			runOnlyForDeploymentPostprocessing = 0;
		};
/* End PBXResourcesBuildPhase section */

/* Begin PBXSourcesBuildPhase section */
		97AC8D592E0ED7AF00BB82AC /* Sources */ = {
			isa = PBXSourcesBuildPhase;
			buildActionMask = 2147483647;
			files = (
			);
			runOnlyForDeploymentPostprocessing = 0;
		};
		97AC8D932E0ED7F900BB82AC /* Sources */ = {
			isa = PBXSourcesBuildPhase;
			buildActionMask = 2147483647;
			files = (
			);
			runOnlyForDeploymentPostprocessing = 0;
		};
		97C079262E0D0B6B001206C4 /* Sources */ = {
			isa = PBXSourcesBuildPhase;
			buildActionMask = 2147483647;
			files = (
			);
			runOnlyForDeploymentPostprocessing = 0;
		};
/* End PBXSourcesBuildPhase section */

/* Begin PBXTargetDependency section */
		97AC8D622E0ED7AF00BB82AC /* PBXTargetDependency */ = {
			isa = PBXTargetDependency;
			target = 97C079292E0D0B6B001206C4 /* QuickFeed */;
			targetProxy = 97AC8D612E0ED7AF00BB82AC /* PBXContainerItemProxy */;
		};
		97AC8D9E2E0ED7F900BB82AC /* PBXTargetDependency */ = {
			isa = PBXTargetDependency;
			target = 97C079292E0D0B6B001206C4 /* QuickFeed */;
			targetProxy = 97AC8D9D2E0ED7F900BB82AC /* PBXContainerItemProxy */;
		};
/* End PBXTargetDependency section */

/* Begin XCBuildConfiguration section */
		97AC8D642E0ED7AF00BB82AC /* Debug */ = {
			isa = XCBuildConfiguration;
			buildSettings = {
				BUNDLE_LOADER = "$(TEST_HOST)";
				CODE_SIGN_STYLE = Automatic;
				CURRENT_PROJECT_VERSION = 1;
				GENERATE_INFOPLIST_FILE = YES;
				MARKETING_VERSION = 1.0;
				PRODUCT_BUNDLE_IDENTIFIER = net.srcw.QuickFeedTests;
				PRODUCT_NAME = "$(TARGET_NAME)";
				SWIFT_EMIT_LOC_STRINGS = NO;
				SWIFT_VERSION = 5.0;
				TEST_HOST = "$(BUILT_PRODUCTS_DIR)/QuickFeed.app/$(BUNDLE_EXECUTABLE_FOLDER_PATH)/QuickFeed";
			};
			name = Debug;
		};
		97AC8D652E0ED7AF00BB82AC /* Release */ = {
			isa = XCBuildConfiguration;
			buildSettings = {
				BUNDLE_LOADER = "$(TEST_HOST)";
				CODE_SIGN_STYLE = Automatic;
				CURRENT_PROJECT_VERSION = 1;
				GENERATE_INFOPLIST_FILE = YES;
				MARKETING_VERSION = 1.0;
				PRODUCT_BUNDLE_IDENTIFIER = net.srcw.QuickFeedTests;
				PRODUCT_NAME = "$(TARGET_NAME)";
				SWIFT_EMIT_LOC_STRINGS = NO;
				SWIFT_VERSION = 5.0;
				TEST_HOST = "$(BUILT_PRODUCTS_DIR)/QuickFeed.app/$(BUNDLE_EXECUTABLE_FOLDER_PATH)/QuickFeed";
			};
			name = Release;
		};
		97AC8DA02E0ED7F900BB82AC /* Debug */ = {
			isa = XCBuildConfiguration;
			buildSettings = {
				CODE_SIGN_STYLE = Automatic;
				CURRENT_PROJECT_VERSION = 1;
				GENERATE_INFOPLIST_FILE = YES;
				MARKETING_VERSION = 1.0;
				PRODUCT_BUNDLE_IDENTIFIER = net.srcw.QuickFeedUITests;
				PRODUCT_NAME = "$(TARGET_NAME)";
				SWIFT_EMIT_LOC_STRINGS = NO;
				SWIFT_VERSION = 5.0;
				TEST_TARGET_NAME = QuickFeed;
			};
			name = Debug;
		};
		97AC8DA12E0ED7F900BB82AC /* Release */ = {
			isa = XCBuildConfiguration;
			buildSettings = {
				CODE_SIGN_STYLE = Automatic;
				CURRENT_PROJECT_VERSION = 1;
				GENERATE_INFOPLIST_FILE = YES;
				MARKETING_VERSION = 1.0;
				PRODUCT_BUNDLE_IDENTIFIER = net.srcw.QuickFeedUITests;
				PRODUCT_NAME = "$(TARGET_NAME)";
				SWIFT_EMIT_LOC_STRINGS = NO;
				SWIFT_VERSION = 5.0;
				TEST_TARGET_NAME = QuickFeed;
			};
			name = Release;
		};
		97C079342E0D0B6D001206C4 /* Debug */ = {
			isa = XCBuildConfiguration;
			buildSettings = {
				ALWAYS_SEARCH_USER_PATHS = NO;
				ASSETCATALOG_COMPILER_GENERATE_SWIFT_ASSET_SYMBOL_EXTENSIONS = YES;
				CLANG_ANALYZER_NONNULL = YES;
				CLANG_ANALYZER_NUMBER_OBJECT_CONVERSION = YES_AGGRESSIVE;
				CLANG_CXX_LANGUAGE_STANDARD = "gnu++20";
				CLANG_ENABLE_MODULES = YES;
				CLANG_ENABLE_OBJC_ARC = YES;
				CLANG_ENABLE_OBJC_WEAK = YES;
				CLANG_WARN_BLOCK_CAPTURE_AUTORELEASING = YES;
				CLANG_WARN_BOOL_CONVERSION = YES;
				CLANG_WARN_COMMA = YES;
				CLANG_WARN_CONSTANT_CONVERSION = YES;
				CLANG_WARN_DEPRECATED_OBJC_IMPLEMENTATIONS = YES;
				CLANG_WARN_DIRECT_OBJC_ISA_USAGE = YES_ERROR;
				CLANG_WARN_DOCUMENTATION_COMMENTS = YES;
				CLANG_WARN_EMPTY_BODY = YES;
				CLANG_WARN_ENUM_CONVERSION = YES;
				CLANG_WARN_INFINITE_RECURSION = YES;
				CLANG_WARN_INT_CONVERSION = YES;
				CLANG_WARN_NON_LITERAL_NULL_CONVERSION = YES;
				CLANG_WARN_OBJC_IMPLICIT_RETAIN_SELF = YES;
				CLANG_WARN_OBJC_LITERAL_CONVERSION = YES;
				CLANG_WARN_OBJC_ROOT_CLASS = YES_ERROR;
				CLANG_WARN_QUOTED_INCLUDE_IN_FRAMEWORK_HEADER = YES;
				CLANG_WARN_RANGE_LOOP_ANALYSIS = YES;
				CLANG_WARN_STRICT_PROTOTYPES = YES;
				CLANG_WARN_SUSPICIOUS_MOVE = YES;
				CLANG_WARN_UNGUARDED_AVAILABILITY = YES_AGGRESSIVE;
				CLANG_WARN_UNREACHABLE_CODE = YES;
				CLANG_WARN__DUPLICATE_METHOD_MATCH = YES;
				COPY_PHASE_STRIP = NO;
				DEBUG_INFORMATION_FORMAT = dwarf;
				DEFINES_MODULE = YES;
				DEVELOPMENT_TEAM = "";
				ENABLE_STRICT_OBJC_MSGSEND = YES;
				ENABLE_TESTABILITY = YES;
				ENABLE_USER_SCRIPT_SANDBOXING = YES;
				GCC_C_LANGUAGE_STANDARD = gnu17;
				GCC_DYNAMIC_NO_PIC = NO;
				GCC_NO_COMMON_BLOCKS = YES;
				GCC_OPTIMIZATION_LEVEL = 0;
				GCC_PREPROCESSOR_DEFINITIONS = (
					"DEBUG=1",
					"$(inherited)",
				);
				GCC_WARN_64_TO_32_BIT_CONVERSION = YES;
				GCC_WARN_ABOUT_RETURN_TYPE = YES_ERROR;
				GCC_WARN_UNDECLARED_SELECTOR = YES;
				GCC_WARN_UNINITIALIZED_AUTOS = YES_AGGRESSIVE;
				GCC_WARN_UNUSED_FUNCTION = YES;
				GCC_WARN_UNUSED_VARIABLE = YES;
				LOCALIZATION_PREFERS_STRING_CATALOGS = YES;
				MACOSX_DEPLOYMENT_TARGET = 15.4;
				MTL_ENABLE_DEBUG_INFO = INCLUDE_SOURCE;
				MTL_FAST_MATH = YES;
				ONLY_ACTIVE_ARCH = YES;
				SDKROOT = macosx;
				SWIFT_ACTIVE_COMPILATION_CONDITIONS = "DEBUG $(inherited)";
				SWIFT_OPTIMIZATION_LEVEL = "-Onone";
			};
			name = Debug;
		};
		97C079352E0D0B6D001206C4 /* Release */ = {
			isa = XCBuildConfiguration;
			buildSettings = {
				ALWAYS_SEARCH_USER_PATHS = NO;
				ASSETCATALOG_COMPILER_GENERATE_SWIFT_ASSET_SYMBOL_EXTENSIONS = YES;
				CLANG_ANALYZER_NONNULL = YES;
				CLANG_ANALYZER_NUMBER_OBJECT_CONVERSION = YES_AGGRESSIVE;
				CLANG_CXX_LANGUAGE_STANDARD = "gnu++20";
				CLANG_ENABLE_MODULES = YES;
				CLANG_ENABLE_OBJC_ARC = YES;
				CLANG_ENABLE_OBJC_WEAK = YES;
				CLANG_WARN_BLOCK_CAPTURE_AUTORELEASING = YES;
				CLANG_WARN_BOOL_CONVERSION = YES;
				CLANG_WARN_COMMA = YES;
				CLANG_WARN_CONSTANT_CONVERSION = YES;
				CLANG_WARN_DEPRECATED_OBJC_IMPLEMENTATIONS = YES;
				CLANG_WARN_DIRECT_OBJC_ISA_USAGE = YES_ERROR;
				CLANG_WARN_DOCUMENTATION_COMMENTS = YES;
				CLANG_WARN_EMPTY_BODY = YES;
				CLANG_WARN_ENUM_CONVERSION = YES;
				CLANG_WARN_INFINITE_RECURSION = YES;
				CLANG_WARN_INT_CONVERSION = YES;
				CLANG_WARN_NON_LITERAL_NULL_CONVERSION = YES;
				CLANG_WARN_OBJC_IMPLICIT_RETAIN_SELF = YES;
				CLANG_WARN_OBJC_LITERAL_CONVERSION = YES;
				CLANG_WARN_OBJC_ROOT_CLASS = YES_ERROR;
				CLANG_WARN_QUOTED_INCLUDE_IN_FRAMEWORK_HEADER = YES;
				CLANG_WARN_RANGE_LOOP_ANALYSIS = YES;
				CLANG_WARN_STRICT_PROTOTYPES = YES;
				CLANG_WARN_SUSPICIOUS_MOVE = YES;
				CLANG_WARN_UNGUARDED_AVAILABILITY = YES_AGGRESSIVE;
				CLANG_WARN_UNREACHABLE_CODE = YES;
				CLANG_WARN__DUPLICATE_METHOD_MATCH = YES;
				COPY_PHASE_STRIP = NO;
				DEBUG_INFORMATION_FORMAT = "dwarf-with-dsym";
				DEFINES_MODULE = YES;
				DEVELOPMENT_TEAM = "";
				ENABLE_NS_ASSERTIONS = NO;
				ENABLE_STRICT_OBJC_MSGSEND = YES;
				ENABLE_USER_SCRIPT_SANDBOXING = YES;
				GCC_C_LANGUAGE_STANDARD = gnu17;
				GCC_NO_COMMON_BLOCKS = YES;
				GCC_WARN_64_TO_32_BIT_CONVERSION = YES;
				GCC_WARN_ABOUT_RETURN_TYPE = YES_ERROR;
				GCC_WARN_UNDECLARED_SELECTOR = YES;
				GCC_WARN_UNINITIALIZED_AUTOS = YES_AGGRESSIVE;
				GCC_WARN_UNUSED_FUNCTION = YES;
				GCC_WARN_UNUSED_VARIABLE = YES;
				LOCALIZATION_PREFERS_STRING_CATALOGS = YES;
				MACOSX_DEPLOYMENT_TARGET = 15.4;
				MTL_ENABLE_DEBUG_INFO = NO;
				MTL_FAST_MATH = YES;
				SDKROOT = macosx;
				SWIFT_COMPILATION_MODE = wholemodule;
			};
			name = Release;
		};
		97C079372E0D0B6D001206C4 /* Debug */ = {
			isa = XCBuildConfiguration;
			buildSettings = {
				ASSETCATALOG_COMPILER_APPICON_NAME = AppIcon;
				ASSETCATALOG_COMPILER_GLOBAL_ACCENT_COLOR_NAME = AccentColor;
				CODE_SIGN_ENTITLEMENTS = QuickFeed/QuickFeed.entitlements;
				CODE_SIGN_STYLE = Manual;
				COMBINE_HIDPI_IMAGES = YES;
				CURRENT_PROJECT_VERSION = 1;
				DEVELOPMENT_TEAM = "";
				ENABLE_HARDENED_RUNTIME = YES;
				ENABLE_PREVIEWS = YES;
				GENERATE_INFOPLIST_FILE = YES;
				INFOPLIST_KEY_NSHumanReadableCopyright = "";
				LD_RUNPATH_SEARCH_PATHS = (
					"$(inherited)",
					"@executable_path/../Frameworks",
				);
				MARKETING_VERSION = 1.0;
				PRODUCT_BUNDLE_IDENTIFIER = net.srcw.QuickFeed;
				PRODUCT_NAME = "$(TARGET_NAME)";
				PROVISIONING_PROFILE_SPECIFIER = "";
				REGISTER_APP_GROUPS = YES;
				SWIFT_EMIT_LOC_STRINGS = YES;
				SWIFT_VERSION = 5.0;
			};
			name = Debug;
		};
		97C079382E0D0B6D001206C4 /* Release */ = {
			isa = XCBuildConfiguration;
			buildSettings = {
				ASSETCATALOG_COMPILER_APPICON_NAME = AppIcon;
				ASSETCATALOG_COMPILER_GLOBAL_ACCENT_COLOR_NAME = AccentColor;
				CODE_SIGN_ENTITLEMENTS = QuickFeed/QuickFeed.entitlements;
				CODE_SIGN_STYLE = Automatic;
				COMBINE_HIDPI_IMAGES = YES;
				CURRENT_PROJECT_VERSION = 1;
				DEVELOPMENT_TEAM = "";
				ENABLE_HARDENED_RUNTIME = YES;
				ENABLE_PREVIEWS = YES;
				GENERATE_INFOPLIST_FILE = YES;
				INFOPLIST_KEY_NSHumanReadableCopyright = "";
				LD_RUNPATH_SEARCH_PATHS = (
					"$(inherited)",
					"@executable_path/../Frameworks",
				);
				MARKETING_VERSION = 1.0;
				PRODUCT_BUNDLE_IDENTIFIER = net.srcw.QuickFeed;
				PRODUCT_NAME = "$(TARGET_NAME)";
				REGISTER_APP_GROUPS = YES;
				SWIFT_EMIT_LOC_STRINGS = YES;
				SWIFT_VERSION = 5.0;
			};
			name = Release;
		};
/* End XCBuildConfiguration section */

/* Begin XCConfigurationList section */
		97AC8D632E0ED7AF00BB82AC /* Build configuration list for PBXNativeTarget "QuickFeedTests" */ = {
			isa = XCConfigurationList;
			buildConfigurations = (
				97AC8D642E0ED7AF00BB82AC /* Debug */,
				97AC8D652E0ED7AF00BB82AC /* Release */,
			);
			defaultConfigurationIsVisible = 0;
			defaultConfigurationName = Release;
		};
		97AC8D9F2E0ED7F900BB82AC /* Build configuration list for PBXNativeTarget "QuickFeedUITests" */ = {
			isa = XCConfigurationList;
			buildConfigurations = (
				97AC8DA02E0ED7F900BB82AC /* Debug */,
				97AC8DA12E0ED7F900BB82AC /* Release */,
			);
			defaultConfigurationIsVisible = 0;
			defaultConfigurationName = Release;
		};
		97C079252E0D0B6B001206C4 /* Build configuration list for PBXProject "QuickFeed" */ = {
			isa = XCConfigurationList;
			buildConfigurations = (
				97C079342E0D0B6D001206C4 /* Debug */,
				97C079352E0D0B6D001206C4 /* Release */,
			);
			defaultConfigurationIsVisible = 0;
			defaultConfigurationName = Release;
		};
		97C079362E0D0B6D001206C4 /* Build configuration list for PBXNativeTarget "QuickFeed" */ = {
			isa = XCConfigurationList;
			buildConfigurations = (
				97C079372E0D0B6D001206C4 /* Debug */,
				97C079382E0D0B6D001206C4 /* Release */,
			);
			defaultConfigurationIsVisible = 0;
			defaultConfigurationName = Release;
		};
/* End XCConfigurationList section */
	};
	rootObject = 97C079222E0D0B6B001206C4 /* Project object */;
}
